
Microsoft Visual Studio Solution File, Format Version 12.00
# Visual Studio 2012
Project("{FAE04EC0-301F-11D3-BF4B-00C04F79EFBC}") = "FindWordsInSentence", "FindWordsInSentence\FindWordsInSentence.csproj", "{78F216C4-1AAB-495C-8E33-93DCB94D86E6}"
EndProject
Global
	GlobalSection(SolutionConfigurationPlatforms) = preSolution
		Debug|Any CPU = Debug|Any CPU
		Release|Any CPU = Release|Any CPU
	EndGlobalSection
	GlobalSection(ProjectConfigurationPlatforms) = postSolution
		{78F216C4-1AAB-495C-8E33-93DCB94D86E6}.Debug|Any CPU.ActiveCfg = Debug|Any CPU
		{78F216C4-1AAB-495C-8E33-93DCB94D86E6}.Debug|Any CPU.Build.0 = Debug|Any CPU
		{78F216C4-1AAB-495C-8E33-93DCB94D86E6}.Release|Any CPU.ActiveCfg = Release|Any CPU
		{78F216C4-1AAB-495C-8E33-93DCB94D86E6}.Release|Any CPU.Build.0 = Release|Any CPU
	EndGlobalSection
	GlobalSection(SolutionProperties) = preSolution
		HideSolutionNode = FALSE
	EndGlobalSection
EndGlobal
